
Microsoft Visual Studio Solution File, Format Version 12.00
# Visual Studio 2013
VisualStudioVersion = 12.0.30723.0
MinimumVisualStudioVersion = 10.0.40219.1
Project("{CC5FD16D-436D-48AD-A40C-5A424C6E3E79}") = "AzureCloudService1", "AzureCloudService1\AzureCloudService1.ccproj", "{42D6990D-F71A-4D27-9C0F-9649DF61C445}"
EndProject
Project("{FAE04EC0-301F-11D3-BF4B-00C04F79EFBC}") = "WebRole1", "WebRole1\WebRole1.csproj", "{D22C385F-C6AE-4CF0-A9F1-DA3CCA546694}"
EndProject
Global
	GlobalSection(SolutionConfigurationPlatforms) = preSolution
		Debug|Any CPU = Debug|Any CPU
		Release|Any CPU = Release|Any CPU
	EndGlobalSection
	GlobalSection(ProjectConfigurationPlatforms) = postSolution
		{42D6990D-F71A-4D27-9C0F-9649DF61C445}.Debug|Any CPU.ActiveCfg = Debug|Any CPU
		{42D6990D-F71A-4D27-9C0F-9649DF61C445}.Debug|Any CPU.Build.0 = Debug|Any CPU
		{42D6990D-F71A-4D27-9C0F-9649DF61C445}.Release|Any CPU.ActiveCfg = Release|Any CPU
		{42D6990D-F71A-4D27-9C0F-9649DF61C445}.Release|Any CPU.Build.0 = Release|Any CPU
		{D22C385F-C6AE-4CF0-A9F1-DA3CCA546694}.Debug|Any CPU.ActiveCfg = Debug|Any CPU
		{D22C385F-C6AE-4CF0-A9F1-DA3CCA546694}.Debug|Any CPU.Build.0 = Debug|Any CPU
		{D22C385F-C6AE-4CF0-A9F1-DA3CCA546694}.Release|Any CPU.ActiveCfg = Release|Any CPU
		{D22C385F-C6AE-4CF0-A9F1-DA3CCA546694}.Release|Any CPU.Build.0 = Release|Any CPU
	EndGlobalSection
	GlobalSection(SolutionProperties) = preSolution
		HideSolutionNode = FALSE
	EndGlobalSection
EndGlobal
